// !$*UTF8*$!
{
	archiveVersion = 1;
	classes = {
	};
	objectVersion = 48;
	objects = {

/* Begin PBXBuildFile section */
		9DEA2C961FC2F2A000541011 /* AppDelegate.m in Sources */ = {isa = PBXBuildFile; fileRef = 9DEA2C951FC2F2A000541011 /* AppDelegate.m */; };
		9DEA2C991FC2F2A000541011 /* AutoLayoutViewController.m in Sources */ = {isa = PBXBuildFile; fileRef = 9DEA2C981FC2F2A000541011 /* AutoLayoutViewController.m */; };
		9DEA2C9C1FC2F2A000541011 /* Main.storyboard in Resources */ = {isa = PBXBuildFile; fileRef = 9DEA2C9A1FC2F2A000541011 /* Main.storyboard */; };
		9DEA2C9E1FC2F2A000541011 /* Assets.xcassets in Resources */ = {isa = PBXBuildFile; fileRef = 9DEA2C9D1FC2F2A000541011 /* Assets.xcassets */; };
		9DEA2CA11FC2F2A000541011 /* LaunchScreen.storyboard in Resources */ = {isa = PBXBuildFile; fileRef = 9DEA2C9F1FC2F2A000541011 /* LaunchScreen.storyboard */; };
		9DEA2CA41FC2F2A000541011 /* main.m in Sources */ = {isa = PBXBuildFile; fileRef = 9DEA2CA31FC2F2A000541011 /* main.m */; };
		F03AF1261FDFD1D800A34F2B /* XibTableViewController.m in Sources */ = {isa = PBXBuildFile; fileRef = F03AF1251FDFD1D800A34F2B /* XibTableViewController.m */; };
		F03AF1291FDFD22900A34F2B /* LayoutHeightCell.m in Sources */ = {isa = PBXBuildFile; fileRef = F03AF1281FDFD22900A34F2B /* LayoutHeightCell.m */; };
		F0F02F5C1FE0C39D00AC28F6 /* data.json in Resources */ = {isa = PBXBuildFile; fileRef = F0F02F5B1FE0C39D00AC28F6 /* data.json */; };
		F0F02F5F1FE0C42A00AC28F6 /* LayoutCellModel.m in Sources */ = {isa = PBXBuildFile; fileRef = F0F02F5E1FE0C42A00AC28F6 /* LayoutCellModel.m */; };
		F0F02F621FE0D41100AC28F6 /* AutoTableViewController.m in Sources */ = {isa = PBXBuildFile; fileRef = F0F02F611FE0D41100AC28F6 /* AutoTableViewController.m */; };
		F0F02F6C1FE1136C00AC28F6 /* UITableView+FDIndexPathHeightCache.m in Sources */ = {isa = PBXBuildFile; fileRef = F0F02F651FE1136C00AC28F6 /* UITableView+FDIndexPathHeightCache.m */; };
		F0F02F6D1FE1136C00AC28F6 /* UITableView+FDKeyedHeightCache.m in Sources */ = {isa = PBXBuildFile; fileRef = F0F02F671FE1136C00AC28F6 /* UITableView+FDKeyedHeightCache.m */; };
		F0F02F6E1FE1136C00AC28F6 /* UITableView+FDTemplateLayoutCell.m in Sources */ = {isa = PBXBuildFile; fileRef = F0F02F691FE1136C00AC28F6 /* UITableView+FDTemplateLayoutCell.m */; };
		F0F02F6F1FE1136C00AC28F6 /* UITableView+FDTemplateLayoutCellDebug.m in Sources */ = {isa = PBXBuildFile; fileRef = F0F02F6B1FE1136C00AC28F6 /* UITableView+FDTemplateLayoutCellDebug.m */; };
/* End PBXBuildFile section */

/* Begin PBXFileReference section */
		9DEA2C911FC2F2A000541011 /* NSLayoutConstraintDemo.app */ = {isa = PBXFileReference; explicitFileType = wrapper.application; includeInIndex = 0; path = NSLayoutConstraintDemo.app; sourceTree = BUILT_PRODUCTS_DIR; };
		9DEA2C941FC2F2A000541011 /* AppDelegate.h */ = {isa = PBXFileReference; lastKnownFileType = sourcecode.c.h; path = AppDelegate.h; sourceTree = "<group>"; };
		9DEA2C951FC2F2A000541011 /* AppDelegate.m */ = {isa = PBXFileReference; lastKnownFileType = sourcecode.c.objc; path = AppDelegate.m; sourceTree = "<group>"; };
		9DEA2C971FC2F2A000541011 /* AutoLayoutViewController.h */ = {isa = PBXFileReference; lastKnownFileType = sourcecode.c.h; path = AutoLayoutViewController.h; sourceTree = "<group>"; };
		9DEA2C981FC2F2A000541011 /* AutoLayoutViewController.m */ = {isa = PBXFileReference; lastKnownFileType = sourcecode.c.objc; path = AutoLayoutViewController.m; sourceTree = "<group>"; };
		9DEA2C9B1FC2F2A000541011 /* Base */ = {isa = PBXFileReference; lastKnownFileType = file.storyboard; name = Base; path = Base.lproj/Main.storyboard; sourceTree = "<group>"; };
		9DEA2C9D1FC2F2A000541011 /* Assets.xcassets */ = {isa = PBXFileReference; lastKnownFileType = folder.assetcatalog; path = Assets.xcassets; sourceTree = "<group>"; };
		9DEA2CA01FC2F2A000541011 /* Base */ = {isa = PBXFileReference; lastKnownFileType = file.storyboard; name = Base; path = Base.lproj/LaunchScreen.storyboard; sourceTree = "<group>"; };
		9DEA2CA21FC2F2A000541011 /* Info.plist */ = {isa = PBXFileReference; lastKnownFileType = text.plist.xml; path = Info.plist; sourceTree = "<group>"; };
		9DEA2CA31FC2F2A000541011 /* main.m */ = {isa = PBXFileReference; lastKnownFileType = sourcecode.c.objc; path = main.m; sourceTree = "<group>"; };
		F03AF1241FDFD1D800A34F2B /* XibTableViewController.h */ = {isa = PBXFileReference; lastKnownFileType = sourcecode.c.h; path = XibTableViewController.h; sourceTree = "<group>"; };
		F03AF1251FDFD1D800A34F2B /* XibTableViewController.m */ = {isa = PBXFileReference; lastKnownFileType = sourcecode.c.objc; path = XibTableViewController.m; sourceTree = "<group>"; };
		F03AF1271FDFD22900A34F2B /* LayoutHeightCell.h */ = {isa = PBXFileReference; lastKnownFileType = sourcecode.c.h; path = LayoutHeightCell.h; sourceTree = "<group>"; };
		F03AF1281FDFD22900A34F2B /* LayoutHeightCell.m */ = {isa = PBXFileReference; lastKnownFileType = sourcecode.c.objc; path = LayoutHeightCell.m; sourceTree = "<group>"; };
		F0C6E6991FD4E96400BC4BD8 /* MacroDefinition.h */ = {isa = PBXFileReference; fileEncoding = 4; lastKnownFileType = sourcecode.c.h; path = MacroDefinition.h; sourceTree = "<group>"; };
		F0C6E69A1FD4E96400BC4BD8 /* PrefixHeader.pch */ = {isa = PBXFileReference; fileEncoding = 4; lastKnownFileType = sourcecode.c.h; path = PrefixHeader.pch; sourceTree = "<group>"; };
		F0F02F5B1FE0C39D00AC28F6 /* data.json */ = {isa = PBXFileReference; fileEncoding = 4; lastKnownFileType = text.json; path = data.json; sourceTree = "<group>"; };
		F0F02F5D1FE0C42A00AC28F6 /* LayoutCellModel.h */ = {isa = PBXFileReference; lastKnownFileType = sourcecode.c.h; path = LayoutCellModel.h; sourceTree = "<group>"; };
		F0F02F5E1FE0C42A00AC28F6 /* LayoutCellModel.m */ = {isa = PBXFileReference; lastKnownFileType = sourcecode.c.objc; path = LayoutCellModel.m; sourceTree = "<group>"; };
		F0F02F601FE0D41100AC28F6 /* AutoTableViewController.h */ = {isa = PBXFileReference; lastKnownFileType = sourcecode.c.h; path = AutoTableViewController.h; sourceTree = "<group>"; };
		F0F02F611FE0D41100AC28F6 /* AutoTableViewController.m */ = {isa = PBXFileReference; lastKnownFileType = sourcecode.c.objc; path = AutoTableViewController.m; sourceTree = "<group>"; };
		F0F02F641FE1136C00AC28F6 /* UITableView+FDIndexPathHeightCache.h */ = {isa = PBXFileReference; fileEncoding = 4; lastKnownFileType = sourcecode.c.h; path = "UITableView+FDIndexPathHeightCache.h"; sourceTree = "<group>"; };
		F0F02F651FE1136C00AC28F6 /* UITableView+FDIndexPathHeightCache.m */ = {isa = PBXFileReference; fileEncoding = 4; lastKnownFileType = sourcecode.c.objc; path = "UITableView+FDIndexPathHeightCache.m"; sourceTree = "<group>"; };
		F0F02F661FE1136C00AC28F6 /* UITableView+FDKeyedHeightCache.h */ = {isa = PBXFileReference; fileEncoding = 4; lastKnownFileType = sourcecode.c.h; path = "UITableView+FDKeyedHeightCache.h"; sourceTree = "<group>"; };
		F0F02F671FE1136C00AC28F6 /* UITableView+FDKeyedHeightCache.m */ = {isa = PBXFileReference; fileEncoding = 4; lastKnownFileType = sourcecode.c.objc; path = "UITableView+FDKeyedHeightCache.m"; sourceTree = "<group>"; };
		F0F02F681FE1136C00AC28F6 /* UITableView+FDTemplateLayoutCell.h */ = {isa = PBXFileReference; fileEncoding = 4; lastKnownFileType = sourcecode.c.h; path = "UITableView+FDTemplateLayoutCell.h"; sourceTree = "<group>"; };
		F0F02F691FE1136C00AC28F6 /* UITableView+FDTemplateLayoutCell.m */ = {isa = PBXFileReference; fileEncoding = 4; lastKnownFileType = sourcecode.c.objc; path = "UITableView+FDTemplateLayoutCell.m"; sourceTree = "<group>"; };
		F0F02F6A1FE1136C00AC28F6 /* UITableView+FDTemplateLayoutCellDebug.h */ = {isa = PBXFileReference; fileEncoding = 4; lastKnownFileType = sourcecode.c.h; path = "UITableView+FDTemplateLayoutCellDebug.h"; sourceTree = "<group>"; };
		F0F02F6B1FE1136C00AC28F6 /* UITableView+FDTemplateLayoutCellDebug.m */ = {isa = PBXFileReference; fileEncoding = 4; lastKnownFileType = sourcecode.c.objc; path = "UITableView+FDTemplateLayoutCellDebug.m"; sourceTree = "<group>"; };
/* End PBXFileReference section */

/* Begin PBXFrameworksBuildPhase section */
		9DEA2C8E1FC2F2A000541011 /* Frameworks */ = {
			isa = PBXFrameworksBuildPhase;
			buildActionMask = 2147483647;
			files = (
			);
			runOnlyForDeploymentPostprocessing = 0;
		};
/* End PBXFrameworksBuildPhase section */

/* Begin PBXGroup section */
		9DEA2C881FC2F2A000541011 = {
			isa = PBXGroup;
			children = (
				9DEA2C931FC2F2A000541011 /* NSLayoutConstraintDemo */,
				9DEA2C921FC2F2A000541011 /* Products */,
			);
			sourceTree = "<group>";
		};
		9DEA2C921FC2F2A000541011 /* Products */ = {
			isa = PBXGroup;
			children = (
				9DEA2C911FC2F2A000541011 /* NSLayoutConstraintDemo.app */,
			);
			name = Products;
			sourceTree = "<group>";
		};
		9DEA2C931FC2F2A000541011 /* NSLayoutConstraintDemo */ = {
			isa = PBXGroup;
			children = (
				F0F02F5B1FE0C39D00AC28F6 /* data.json */,
				9DEA2C941FC2F2A000541011 /* AppDelegate.h */,
				9DEA2C951FC2F2A000541011 /* AppDelegate.m */,
				F0F02F631FE1136C00AC28F6 /* Classes */,
				F03AF1221FDFD19C00A34F2B /* class */,
				F0C6E6981FD4E96400BC4BD8 /* Configuration */,
				F0C6E6971FD4E91F00BC4BD8 /* Support File */,
			);
			path = NSLayoutConstraintDemo;
			sourceTree = "<group>";
		};
		F03AF1211FDFD18100A34F2B /* AutoLayout */ = {
			isa = PBXGroup;
			children = (
				9DEA2C971FC2F2A000541011 /* AutoLayoutViewController.h */,
				9DEA2C981FC2F2A000541011 /* AutoLayoutViewController.m */,
				F0F02F601FE0D41100AC28F6 /* AutoTableViewController.h */,
				F0F02F611FE0D41100AC28F6 /* AutoTableViewController.m */,
			);
			path = AutoLayout;
			sourceTree = "<group>";
		};
		F03AF1221FDFD19C00A34F2B /* class */ = {
			isa = PBXGroup;
			children = (
				F03AF1231FDFD1A800A34F2B /* XIB */,
				F03AF1211FDFD18100A34F2B /* AutoLayout */,
			);
			path = class;
			sourceTree = "<group>";
		};
		F03AF1231FDFD1A800A34F2B /* XIB */ = {
			isa = PBXGroup;
			children = (
				F03AF1241FDFD1D800A34F2B /* XibTableViewController.h */,
				F03AF1251FDFD1D800A34F2B /* XibTableViewController.m */,
				F03AF1271FDFD22900A34F2B /* LayoutHeightCell.h */,
				F03AF1281FDFD22900A34F2B /* LayoutHeightCell.m */,
				F0F02F5D1FE0C42A00AC28F6 /* LayoutCellModel.h */,
				F0F02F5E1FE0C42A00AC28F6 /* LayoutCellModel.m */,
			);
			path = XIB;
			sourceTree = "<group>";
		};
		F0C6E6971FD4E91F00BC4BD8 /* Support File */ = {
			isa = PBXGroup;
			children = (
				9DEA2C9A1FC2F2A000541011 /* Main.storyboard */,
				9DEA2C9D1FC2F2A000541011 /* Assets.xcassets */,
				9DEA2C9F1FC2F2A000541011 /* LaunchScreen.storyboard */,
				9DEA2CA21FC2F2A000541011 /* Info.plist */,
				9DEA2CA31FC2F2A000541011 /* main.m */,
			);
			path = "Support File";
			sourceTree = "<group>";
		};
		F0C6E6981FD4E96400BC4BD8 /* Configuration */ = {
			isa = PBXGroup;
			children = (
				F0C6E6991FD4E96400BC4BD8 /* MacroDefinition.h */,
				F0C6E69A1FD4E96400BC4BD8 /* PrefixHeader.pch */,
			);
			path = Configuration;
			sourceTree = "<group>";
		};
		F0F02F631FE1136C00AC28F6 /* Classes */ = {
			isa = PBXGroup;
			children = (
				F0F02F641FE1136C00AC28F6 /* UITableView+FDIndexPathHeightCache.h */,
				F0F02F651FE1136C00AC28F6 /* UITableView+FDIndexPathHeightCache.m */,
				F0F02F661FE1136C00AC28F6 /* UITableView+FDKeyedHeightCache.h */,
				F0F02F671FE1136C00AC28F6 /* UITableView+FDKeyedHeightCache.m */,
				F0F02F681FE1136C00AC28F6 /* UITableView+FDTemplateLayoutCell.h */,
				F0F02F691FE1136C00AC28F6 /* UITableView+FDTemplateLayoutCell.m */,
				F0F02F6A1FE1136C00AC28F6 /* UITableView+FDTemplateLayoutCellDebug.h */,
				F0F02F6B1FE1136C00AC28F6 /* UITableView+FDTemplateLayoutCellDebug.m */,
			);
			path = Classes;
			sourceTree = "<group>";
		};
/* End PBXGroup section */

/* Begin PBXNativeTarget section */
		9DEA2C901FC2F2A000541011 /* NSLayoutConstraintDemo */ = {
			isa = PBXNativeTarget;
			buildConfigurationList = 9DEA2CA71FC2F2A000541011 /* Build configuration list for PBXNativeTarget "NSLayoutConstraintDemo" */;
			buildPhases = (
				9DEA2C8D1FC2F2A000541011 /* Sources */,
				9DEA2C8E1FC2F2A000541011 /* Frameworks */,
				9DEA2C8F1FC2F2A000541011 /* Resources */,
			);
			buildRules = (
			);
			dependencies = (
			);
			name = NSLayoutConstraintDemo;
			productName = NSLayoutConstraintDemo;
			productReference = 9DEA2C911FC2F2A000541011 /* NSLayoutConstraintDemo.app */;
			productType = "com.apple.product-type.application";
		};
/* End PBXNativeTarget section */

/* Begin PBXProject section */
		9DEA2C891FC2F2A000541011 /* Project object */ = {
			isa = PBXProject;
			attributes = {
				LastUpgradeCheck = 0900;
				ORGANIZATIONNAME = Tsunami;
				TargetAttributes = {
					9DEA2C901FC2F2A000541011 = {
						CreatedOnToolsVersion = 9.0.1;
						ProvisioningStyle = Automatic;
					};
				};
			};
			buildConfigurationList = 9DEA2C8C1FC2F2A000541011 /* Build configuration list for PBXProject "NSLayoutConstraintDemo" */;
			compatibilityVersion = "Xcode 8.0";
			developmentRegion = en;
			hasScannedForEncodings = 0;
			knownRegions = (
				en,
				Base,
			);
			mainGroup = 9DEA2C881FC2F2A000541011;
			productRefGroup = 9DEA2C921FC2F2A000541011 /* Products */;
			projectDirPath = "";
			projectRoot = "";
			targets = (
				9DEA2C901FC2F2A000541011 /* NSLayoutConstraintDemo */,
			);
		};
/* End PBXProject section */

/* Begin PBXResourcesBuildPhase section */
		9DEA2C8F1FC2F2A000541011 /* Resources */ = {
			isa = PBXResourcesBuildPhase;
			buildActionMask = 2147483647;
			files = (
				9DEA2CA11FC2F2A000541011 /* LaunchScreen.storyboard in Resources */,
				9DEA2C9E1FC2F2A000541011 /* Assets.xcassets in Resources */,
				9DEA2C9C1FC2F2A000541011 /* Main.storyboard in Resources */,
				F0F02F5C1FE0C39D00AC28F6 /* data.json in Resources */,
			);
			runOnlyForDeploymentPostprocessing = 0;
		};
/* End PBXResourcesBuildPhase section */

/* Begin PBXSourcesBuildPhase section */
		9DEA2C8D1FC2F2A000541011 /* Sources */ = {
			isa = PBXSourcesBuildPhase;
			buildActionMask = 2147483647;
			files = (
				9DEA2C991FC2F2A000541011 /* AutoLayoutViewController.m in Sources */,
				F0F02F6F1FE1136C00AC28F6 /* UITableView+FDTemplateLayoutCellDebug.m in Sources */,
				F0F02F5F1FE0C42A00AC28F6 /* LayoutCellModel.m in Sources */,
				F03AF1291FDFD22900A34F2B /* LayoutHeightCell.m in Sources */,
				9DEA2CA41FC2F2A000541011 /* main.m in Sources */,
				F0F02F621FE0D41100AC28F6 /* AutoTableViewController.m in Sources */,
				9DEA2C961FC2F2A000541011 /* AppDelegate.m in Sources */,
				F0F02F6D1FE1136C00AC28F6 /* UITableView+FDKeyedHeightCache.m in Sources */,
				F03AF1261FDFD1D800A34F2B /* XibTableViewController.m in Sources */,
				F0F02F6C1FE1136C00AC28F6 /* UITableView+FDIndexPathHeightCache.m in Sources */,
				F0F02F6E1FE1136C00AC28F6 /* UITableView+FDTemplateLayoutCell.m in Sources */,
			);
			runOnlyForDeploymentPostprocessing = 0;
		};
/* End PBXSourcesBuildPhase section */

/* Begin PBXVariantGroup section */
		9DEA2C9A1FC2F2A000541011 /* Main.storyboard */ = {
			isa = PBXVariantGroup;
			children = (
				9DEA2C9B1FC2F2A000541011 /* Base */,
			);
			name = Main.storyboard;
			sourceTree = "<group>";
		};
		9DEA2C9F1FC2F2A000541011 /* LaunchScreen.storyboard */ = {
			isa = PBXVariantGroup;
			children = (
				9DEA2CA01FC2F2A000541011 /* Base */,
			);
			name = LaunchScreen.storyboard;
			sourceTree = "<group>";
		};
/* End PBXVariantGroup section */

/* Begin XCBuildConfiguration section */
		9DEA2CA51FC2F2A000541011 /* Debug */ = {
			isa = XCBuildConfiguration;
			buildSettings = {
				ALWAYS_SEARCH_USER_PATHS = NO;
				CLANG_ANALYZER_NONNULL = YES;
				CLANG_ANALYZER_NUMBER_OBJECT_CONVERSION = YES_AGGRESSIVE;
				CLANG_CXX_LANGUAGE_STANDARD = "gnu++14";
				CLANG_CXX_LIBRARY = "libc++";
				CLANG_ENABLE_MODULES = YES;
				CLANG_ENABLE_OBJC_ARC = YES;
				CLANG_WARN_BLOCK_CAPTURE_AUTORELEASING = YES;
				CLANG_WARN_BOOL_CONVERSION = YES;
				CLANG_WARN_COMMA = YES;
				CLANG_WARN_CONSTANT_CONVERSION = YES;
				CLANG_WARN_DIRECT_OBJC_ISA_USAGE = YES_ERROR;
				CLANG_WARN_DOCUMENTATION_COMMENTS = YES;
				CLANG_WARN_EMPTY_BODY = YES;
				CLANG_WARN_ENUM_CONVERSION = YES;
				CLANG_WARN_INFINITE_RECURSION = YES;
				CLANG_WARN_INT_CONVERSION = YES;
				CLANG_WARN_NON_LITERAL_NULL_CONVERSION = YES;
				CLANG_WARN_OBJC_LITERAL_CONVERSION = YES;
				CLANG_WARN_OBJC_ROOT_CLASS = YES_ERROR;
				CLANG_WARN_RANGE_LOOP_ANALYSIS = YES;
				CLANG_WARN_STRICT_PROTOTYPES = YES;
				CLANG_WARN_SUSPICIOUS_MOVE = YES;
				CLANG_WARN_UNGUARDED_AVAILABILITY = YES_AGGRESSIVE;
				CLANG_WARN_UNREACHABLE_CODE = YES;
				CLANG_WARN__DUPLICATE_METHOD_MATCH = YES;
				CODE_SIGN_IDENTITY = "iPhone Developer";
				COPY_PHASE_STRIP = NO;
				DEBUG_INFORMATION_FORMAT = dwarf;
				ENABLE_STRICT_OBJC_MSGSEND = YES;
				ENABLE_TESTABILITY = YES;
				GCC_C_LANGUAGE_STANDARD = gnu11;
				GCC_DYNAMIC_NO_PIC = NO;
				GCC_NO_COMMON_BLOCKS = YES;
				GCC_OPTIMIZATION_LEVEL = 0;
				GCC_PREPROCESSOR_DEFINITIONS = (
					"DEBUG=1",
					"$(inherited)",
				);
				GCC_WARN_64_TO_32_BIT_CONVERSION = YES;
				GCC_WARN_ABOUT_RETURN_TYPE = YES_ERROR;
				GCC_WARN_UNDECLARED_SELECTOR = YES;
				GCC_WARN_UNINITIALIZED_AUTOS = YES_AGGRESSIVE;
				GCC_WARN_UNUSED_FUNCTION = YES;
				GCC_WARN_UNUSED_VARIABLE = YES;
				IPHONEOS_DEPLOYMENT_TARGET = 11.0;
				MTL_ENABLE_DEBUG_INFO = YES;
				ONLY_ACTIVE_ARCH = YES;
				SDKROOT = iphoneos;
			};
			name = Debug;
		};
		9DEA2CA61FC2F2A000541011 /* Release */ = {
			isa = XCBuildConfiguration;
			buildSettings = {
				ALWAYS_SEARCH_USER_PATHS = NO;
				CLANG_ANALYZER_NONNULL = YES;
				CLANG_ANALYZER_NUMBER_OBJECT_CONVERSION = YES_AGGRESSIVE;
				CLANG_CXX_LANGUAGE_STANDARD = "gnu++14";
				CLANG_CXX_LIBRARY = "libc++";
				CLANG_ENABLE_MODULES = YES;
				CLANG_ENABLE_OBJC_ARC = YES;
				CLANG_WARN_BLOCK_CAPTURE_AUTORELEASING = YES;
				CLANG_WARN_BOOL_CONVERSION = YES;
				CLANG_WARN_COMMA = YES;
				CLANG_WARN_CONSTANT_CONVERSION = YES;
				CLANG_WARN_DIRECT_OBJC_ISA_USAGE = YES_ERROR;
				CLANG_WARN_DOCUMENTATION_COMMENTS = YES;
				CLANG_WARN_EMPTY_BODY = YES;
				CLANG_WARN_ENUM_CONVERSION = YES;
				CLANG_WARN_INFINITE_RECURSION = YES;
				CLANG_WARN_INT_CONVERSION = YES;
				CLANG_WARN_NON_LITERAL_NULL_CONVERSION = YES;
				CLANG_WARN_OBJC_LITERAL_CONVERSION = YES;
				CLANG_WARN_OBJC_ROOT_CLASS = YES_ERROR;
				CLANG_WARN_RANGE_LOOP_ANALYSIS = YES;
				CLANG_WARN_STRICT_PROTOTYPES = YES;
				CLANG_WARN_SUSPICIOUS_MOVE = YES;
				CLANG_WARN_UNGUARDED_AVAILABILITY = YES_AGGRESSIVE;
				CLANG_WARN_UNREACHABLE_CODE = YES;
				CLANG_WARN__DUPLICATE_METHOD_MATCH = YES;
				CODE_SIGN_IDENTITY = "iPhone Developer";
				COPY_PHASE_STRIP = NO;
				DEBUG_INFORMATION_FORMAT = "dwarf-with-dsym";
				ENABLE_NS_ASSERTIONS = NO;
				ENABLE_STRICT_OBJC_MSGSEND = YES;
				GCC_C_LANGUAGE_STANDARD = gnu11;
				GCC_NO_COMMON_BLOCKS = YES;
				GCC_WARN_64_TO_32_BIT_CONVERSION = YES;
				GCC_WARN_ABOUT_RETURN_TYPE = YES_ERROR;
				GCC_WARN_UNDECLARED_SELECTOR = YES;
				GCC_WARN_UNINITIALIZED_AUTOS = YES_AGGRESSIVE;
				GCC_WARN_UNUSED_FUNCTION = YES;
				GCC_WARN_UNUSED_VARIABLE = YES;
				IPHONEOS_DEPLOYMENT_TARGET = 11.0;
				MTL_ENABLE_DEBUG_INFO = NO;
				SDKROOT = iphoneos;
				VALIDATE_PRODUCT = YES;
			};
			name = Release;
		};
		9DEA2CA81FC2F2A000541011 /* Debug */ = {
			isa = XCBuildConfiguration;
			buildSettings = {
				ASSETCATALOG_COMPILER_APPICON_NAME = AppIcon;
				CODE_SIGN_STYLE = Automatic;
				DEVELOPMENT_TEAM = 7T5G6L9M3S;
				GCC_PREFIX_HEADER = "$(PROJECT_DIR)/NSLayoutConstraintDemo/Configuration/PrefixHeader.pch";
				INFOPLIST_FILE = "$(SRCROOT)/NSLayoutConstraintDemo/Support File/Info.plist";
				IPHONEOS_DEPLOYMENT_TARGET = 9.0;
				LD_RUNPATH_SEARCH_PATHS = "$(inherited) @executable_path/Frameworks";
				PRODUCT_BUNDLE_IDENTIFIER = TS.NSLayoutConstraintDemo;
				PRODUCT_NAME = "$(TARGET_NAME)";
				TARGETED_DEVICE_FAMILY = "1,2";
			};
			name = Debug;
		};
		9DEA2CA91FC2F2A000541011 /* Release */ = {
			isa = XCBuildConfiguration;
			buildSettings = {
				ASSETCATALOG_COMPILER_APPICON_NAME = AppIcon;
				CODE_SIGN_STYLE = Automatic;
				DEVELOPMENT_TEAM = 7T5G6L9M3S;
				GCC_PREFIX_HEADER = "$(PROJECT_DIR)/NSLayoutConstraintDemo/Configuration/PrefixHeader.pch";
				INFOPLIST_FILE = "$(SRCROOT)/NSLayoutConstraintDemo/Support File/Info.plist";
				IPHONEOS_DEPLOYMENT_TARGET = 9.0;
				LD_RUNPATH_SEARCH_PATHS = "$(inherited) @executable_path/Frameworks";
				PRODUCT_BUNDLE_IDENTIFIER = TS.NSLayoutConstraintDemo;
				PRODUCT_NAME = "$(TARGET_NAME)";
				TARGETED_DEVICE_FAMILY = "1,2";
			};
			name = Release;
		};
/* End XCBuildConfiguration section */

/* Begin XCConfigurationList section */
		9DEA2C8C1FC2F2A000541011 /* Build configuration list for PBXProject "NSLayoutConstraintDemo" */ = {
			isa = XCConfigurationList;
			buildConfigurations = (
				9DEA2CA51FC2F2A000541011 /* Debug */,
				9DEA2CA61FC2F2A000541011 /* Release */,
			);
			defaultConfigurationIsVisible = 0;
			defaultConfigurationName = Release;
		};
		9DEA2CA71FC2F2A000541011 /* Build configuration list for PBXNativeTarget "NSLayoutConstraintDemo" */ = {
			isa = XCConfigurationList;
			buildConfigurations = (
				9DEA2CA81FC2F2A000541011 /* Debug */,
				9DEA2CA91FC2F2A000541011 /* Release */,
			);
			defaultConfigurationIsVisible = 0;
			defaultConfigurationName = Release;
		};
/* End XCConfigurationList section */
	};
	rootObject = 9DEA2C891FC2F2A000541011 /* Project object */;
}
